
Microsoft Visual Studio Solution File, Format Version 12.00
# Visual Studio Version 17
VisualStudioVersion = 17.0.32112.339
MinimumVisualStudioVersion = 10.0.40219.1
Project("{FAE04EC0-301F-11D3-BF4B-00C04F79EFBC}") = "WindowsFormsApp1", "WindowsFormsApp1\WindowsFormsApp1.csproj", "{21E80299-770C-416A-AAFB-0BB18E250C51}"
EndProject
Global
	GlobalSection(SolutionConfigurationPlatforms) = preSolution
		Debug|Any CPU = Debug|Any CPU
		Release|Any CPU = Release|Any CPU
	EndGlobalSection
	GlobalSection(ProjectConfigurationPlatforms) = postSolution
		{21E80299-770C-416A-AAFB-0BB18E250C51}.Debug|Any CPU.ActiveCfg = Debug|Any CPU
		{21E80299-770C-416A-AAFB-0BB18E250C51}.Debug|Any CPU.Build.0 = Debug|Any CPU
		{21E80299-770C-416A-AAFB-0BB18E250C51}.Release|Any CPU.ActiveCfg = Release|Any CPU
		{21E80299-770C-416A-AAFB-0BB18E250C51}.Release|Any CPU.Build.0 = Release|Any CPU
	EndGlobalSection
	GlobalSection(SolutionProperties) = preSolution
		HideSolutionNode = FALSE
	EndGlobalSection
	GlobalSection(ExtensibilityGlobals) = postSolution
		SolutionGuid = {14CB7980-B611-43FF-A262-B35EC57957D3}
	EndGlobalSection
EndGlobal
